
Microsoft Visual Studio Solution File, Format Version 12.00
# Visual Studio Version 17
VisualStudioVersion = 17.1.32120.378
MinimumVisualStudioVersion = 10.0.40219.1
Project("{FAE04EC0-301F-11D3-BF4B-00C04F79EFBC}") = "Battleship", "Battleship.csproj", "{F910FDFF-7BEA-46B9-ADAC-048A2DBD280F}"
EndProject
Global
	GlobalSection(SolutionConfigurationPlatforms) = preSolution
		Debug|Any CPU = Debug|Any CPU
		Release|Any CPU = Release|Any CPU
	EndGlobalSection
	GlobalSection(ProjectConfigurationPlatforms) = postSolution
		{F910FDFF-7BEA-46B9-ADAC-048A2DBD280F}.Debug|Any CPU.ActiveCfg = Debug|Any CPU
		{F910FDFF-7BEA-46B9-ADAC-048A2DBD280F}.Debug|Any CPU.Build.0 = Debug|Any CPU
		{F910FDFF-7BEA-46B9-ADAC-048A2DBD280F}.Release|Any CPU.ActiveCfg = Release|Any CPU
		{F910FDFF-7BEA-46B9-ADAC-048A2DBD280F}.Release|Any CPU.Build.0 = Release|Any CPU
	EndGlobalSection
	GlobalSection(SolutionProperties) = preSolution
		HideSolutionNode = FALSE
	EndGlobalSection
	GlobalSection(ExtensibilityGlobals) = postSolution
		SolutionGuid = {FBFDFE6D-77D1-4083-9614-5353296B6D85}
	EndGlobalSection
EndGlobal
